
Microsoft Visual Studio Solution File, Format Version 12.00
# Visual Studio Version 16
VisualStudioVersion = 16.0.29306.81
MinimumVisualStudioVersion = 10.0.40219.1
Project("{FAE04EC0-301F-11D3-BF4B-00C04F79EFBC}") = "WPF_Trello", "WPF_Trello\WPF_Trello.csproj", "{113DAA77-186A-4AA1-971F-6F084DC37986}"
EndProject
Global
	GlobalSection(SolutionConfigurationPlatforms) = preSolution
		Debug|Any CPU = Debug|Any CPU
		Debug|x86 = Debug|x86
		Release|Any CPU = Release|Any CPU
		Release|x86 = Release|x86
	EndGlobalSection
	GlobalSection(ProjectConfigurationPlatforms) = postSolution
		{113DAA77-186A-4AA1-971F-6F084DC37986}.Debug|Any CPU.ActiveCfg = Debug|Any CPU
		{113DAA77-186A-4AA1-971F-6F084DC37986}.Debug|Any CPU.Build.0 = Debug|Any CPU
		{113DAA77-186A-4AA1-971F-6F084DC37986}.Debug|x86.ActiveCfg = Debug|x86
		{113DAA77-186A-4AA1-971F-6F084DC37986}.Debug|x86.Build.0 = Debug|x86
		{113DAA77-186A-4AA1-971F-6F084DC37986}.Release|Any CPU.ActiveCfg = Release|Any CPU
		{113DAA77-186A-4AA1-971F-6F084DC37986}.Release|Any CPU.Build.0 = Release|Any CPU
		{113DAA77-186A-4AA1-971F-6F084DC37986}.Release|x86.ActiveCfg = Release|x86
		{113DAA77-186A-4AA1-971F-6F084DC37986}.Release|x86.Build.0 = Release|x86
	EndGlobalSection
	GlobalSection(SolutionProperties) = preSolution
		HideSolutionNode = FALSE
	EndGlobalSection
	GlobalSection(ExtensibilityGlobals) = postSolution
		SolutionGuid = {B3F02391-EE0D-40F4-94B4-8B5C2E049E2C}
	EndGlobalSection
EndGlobal
